
Microsoft Visual Studio Solution File, Format Version 12.00
# Visual Studio Version 17
VisualStudioVersion = 17.6.33723.286
MinimumVisualStudioVersion = 10.0.40219.1
Project("{FAE04EC0-301F-11D3-BF4B-00C04F79EFBC}") = "PaletteAndPraise", "PaletteAndPraise\PaletteAndPraise.csproj", "{E5F47229-4544-4B76-8E2D-A0435A017374}"
EndProject
Global
	GlobalSection(SolutionConfigurationPlatforms) = preSolution
		Debug|Any CPU = Debug|Any CPU
		Release|Any CPU = Release|Any CPU
	EndGlobalSection
	GlobalSection(ProjectConfigurationPlatforms) = postSolution
		{E5F47229-4544-4B76-8E2D-A0435A017374}.Debug|Any CPU.ActiveCfg = Debug|Any CPU
		{E5F47229-4544-4B76-8E2D-A0435A017374}.Debug|Any CPU.Build.0 = Debug|Any CPU
		{E5F47229-4544-4B76-8E2D-A0435A017374}.Release|Any CPU.ActiveCfg = Release|Any CPU
		{E5F47229-4544-4B76-8E2D-A0435A017374}.Release|Any CPU.Build.0 = Release|Any CPU
	EndGlobalSection
	GlobalSection(SolutionProperties) = preSolution
		HideSolutionNode = FALSE
	EndGlobalSection
	GlobalSection(ExtensibilityGlobals) = postSolution
		SolutionGuid = {7F606DF2-CBFD-452C-92E1-990C06801A7A}
	EndGlobalSection
EndGlobal
